// !$*UTF8*$!
{
	archiveVersion = 1;
	classes = {
	};
	objectVersion = 55;
	objects = {

/* Begin PBXBuildFile section */
		D1665DC528A11BF500DB926C /* Accessibilty_appApp.swift in Sources */ = {isa = PBXBuildFile; fileRef = D1665DC428A11BF500DB926C /* Accessibilty_appApp.swift */; };
		D1665DC728A11BF500DB926C /* ContentView.swift in Sources */ = {isa = PBXBuildFile; fileRef = D1665DC628A11BF500DB926C /* ContentView.swift */; };
		D1665DC928A11BF700DB926C /* Assets.xcassets in Resources */ = {isa = PBXBuildFile; fileRef = D1665DC828A11BF700DB926C /* Assets.xcassets */; };
		D1665DCC28A11BF700DB926C /* Preview Assets.xcassets in Resources */ = {isa = PBXBuildFile; fileRef = D1665DCB28A11BF700DB926C /* Preview Assets.xcassets */; };
		D1665DD928A11E7D00DB926C /* LoginView.swift in Sources */ = {isa = PBXBuildFile; fileRef = D1665DD828A11E7D00DB926C /* LoginView.swift */; };
		D1665DDC28A129E200DB926C /* CustomTextField.swift in Sources */ = {isa = PBXBuildFile; fileRef = D1665DDB28A129E200DB926C /* CustomTextField.swift */; };
		D1665DDF28A12CFF00DB926C /* LoginValidation.swift in Sources */ = {isa = PBXBuildFile; fileRef = D1665DDE28A12CFF00DB926C /* LoginValidation.swift */; };
		D1665DE228A1304500DB926C /* LoginViewModel.swift in Sources */ = {isa = PBXBuildFile; fileRef = D1665DE128A1304500DB926C /* LoginViewModel.swift */; };
		D1665DE528A1503200DB926C /* DashboardView.swift in Sources */ = {isa = PBXBuildFile; fileRef = D1665DE428A1503200DB926C /* DashboardView.swift */; };
/* End PBXBuildFile section */

/* Begin PBXFileReference section */
		D1665DC128A11BF500DB926C /* Accessibilty_app.app */ = {isa = PBXFileReference; explicitFileType = wrapper.application; includeInIndex = 0; path = Accessibilty_app.app; sourceTree = BUILT_PRODUCTS_DIR; };
		D1665DC428A11BF500DB926C /* Accessibilty_appApp.swift */ = {isa = PBXFileReference; lastKnownFileType = sourcecode.swift; path = Accessibilty_appApp.swift; sourceTree = "<group>"; };
		D1665DC628A11BF500DB926C /* ContentView.swift */ = {isa = PBXFileReference; lastKnownFileType = sourcecode.swift; path = ContentView.swift; sourceTree = "<group>"; };
		D1665DC828A11BF700DB926C /* Assets.xcassets */ = {isa = PBXFileReference; lastKnownFileType = folder.assetcatalog; path = Assets.xcassets; sourceTree = "<group>"; };
		D1665DCB28A11BF700DB926C /* Preview Assets.xcassets */ = {isa = PBXFileReference; lastKnownFileType = folder.assetcatalog; path = "Preview Assets.xcassets"; sourceTree = "<group>"; };
		D1665DD828A11E7D00DB926C /* LoginView.swift */ = {isa = PBXFileReference; lastKnownFileType = sourcecode.swift; path = LoginView.swift; sourceTree = "<group>"; };
		D1665DDB28A129E200DB926C /* CustomTextField.swift */ = {isa = PBXFileReference; lastKnownFileType = sourcecode.swift; path = CustomTextField.swift; sourceTree = "<group>"; };
		D1665DDE28A12CFF00DB926C /* LoginValidation.swift */ = {isa = PBXFileReference; lastKnownFileType = sourcecode.swift; path = LoginValidation.swift; sourceTree = "<group>"; };
		D1665DE128A1304500DB926C /* LoginViewModel.swift */ = {isa = PBXFileReference; lastKnownFileType = sourcecode.swift; path = LoginViewModel.swift; sourceTree = "<group>"; };
		D1665DE428A1503200DB926C /* DashboardView.swift */ = {isa = PBXFileReference; lastKnownFileType = sourcecode.swift; path = DashboardView.swift; sourceTree = "<group>"; };
/* End PBXFileReference section */

/* Begin PBXFrameworksBuildPhase section */
		D1665DBE28A11BF500DB926C /* Frameworks */ = {
			isa = PBXFrameworksBuildPhase;
			buildActionMask = 2147483647;
			files = (
			);
			runOnlyForDeploymentPostprocessing = 0;
		};
/* End PBXFrameworksBuildPhase section */

/* Begin PBXGroup section */
		D1665DB828A11BF500DB926C = {
			isa = PBXGroup;
			children = (
				D1665DC328A11BF500DB926C /* Accessibilty_app */,
				D1665DC228A11BF500DB926C /* Products */,
			);
			sourceTree = "<group>";
		};
		D1665DC228A11BF500DB926C /* Products */ = {
			isa = PBXGroup;
			children = (
				D1665DC128A11BF500DB926C /* Accessibilty_app.app */,
			);
			name = Products;
			sourceTree = "<group>";
		};
		D1665DC328A11BF500DB926C /* Accessibilty_app */ = {
			isa = PBXGroup;
			children = (
				D1665DD228A11E1400DB926C /* Main_app */,
				D1665DD628A11E3B00DB926C /* Model */,
				D1665DD328A11E1F00DB926C /* View */,
				D1665DD528A11E2D00DB926C /* ViewModel */,
				D1665DC628A11BF500DB926C /* ContentView.swift */,
				D1665DDD28A12A1F00DB926C /* Utiliety */,
				D1665DC828A11BF700DB926C /* Assets.xcassets */,
				D1665DCA28A11BF700DB926C /* Preview Content */,
			);
			path = Accessibilty_app;
			sourceTree = "<group>";
		};
		D1665DCA28A11BF700DB926C /* Preview Content */ = {
			isa = PBXGroup;
			children = (
				D1665DCB28A11BF700DB926C /* Preview Assets.xcassets */,
			);
			path = "Preview Content";
			sourceTree = "<group>";
		};
		D1665DD228A11E1400DB926C /* Main_app */ = {
			isa = PBXGroup;
			children = (
				D1665DC428A11BF500DB926C /* Accessibilty_appApp.swift */,
			);
			path = Main_app;
			sourceTree = "<group>";
		};
		D1665DD328A11E1F00DB926C /* View */ = {
			isa = PBXGroup;
			children = (
				D1665DE328A1501F00DB926C /* DashboardView */,
				D1665DD428A11E2300DB926C /* LoginView */,
			);
			path = View;
			sourceTree = "<group>";
		};
		D1665DD428A11E2300DB926C /* LoginView */ = {
			isa = PBXGroup;
			children = (
				D1665DD828A11E7D00DB926C /* LoginView.swift */,
				D1665DDA28A129CA00DB926C /* HelpingViews */,
			);
			path = LoginView;
			sourceTree = "<group>";
		};
		D1665DD528A11E2D00DB926C /* ViewModel */ = {
			isa = PBXGroup;
			children = (
				D1665DE028A1303300DB926C /* LoginViewModel */,
			);
			path = ViewModel;
			sourceTree = "<group>";
		};
		D1665DD628A11E3B00DB926C /* Model */ = {
			isa = PBXGroup;
			children = (
			);
			path = Model;
			sourceTree = "<group>";
		};
		D1665DDA28A129CA00DB926C /* HelpingViews */ = {
			isa = PBXGroup;
			children = (
				D1665DDB28A129E200DB926C /* CustomTextField.swift */,
			);
			path = HelpingViews;
			sourceTree = "<group>";
		};
		D1665DDD28A12A1F00DB926C /* Utiliety */ = {
			isa = PBXGroup;
			children = (
				D1665DDE28A12CFF00DB926C /* LoginValidation.swift */,
			);
			path = Utiliety;
			sourceTree = "<group>";
		};
		D1665DE028A1303300DB926C /* LoginViewModel */ = {
			isa = PBXGroup;
			children = (
				D1665DE128A1304500DB926C /* LoginViewModel.swift */,
			);
			path = LoginViewModel;
			sourceTree = "<group>";
		};
		D1665DE328A1501F00DB926C /* DashboardView */ = {
			isa = PBXGroup;
			children = (
				D1665DE428A1503200DB926C /* DashboardView.swift */,
			);
			path = DashboardView;
			sourceTree = "<group>";
		};
/* End PBXGroup section */

/* Begin PBXNativeTarget section */
		D1665DC028A11BF500DB926C /* Accessibilty_app */ = {
			isa = PBXNativeTarget;
			buildConfigurationList = D1665DCF28A11BF700DB926C /* Build configuration list for PBXNativeTarget "Accessibilty_app" */;
			buildPhases = (
				D1665DBD28A11BF500DB926C /* Sources */,
				D1665DBE28A11BF500DB926C /* Frameworks */,
				D1665DBF28A11BF500DB926C /* Resources */,
			);
			buildRules = (
			);
			dependencies = (
			);
			name = Accessibilty_app;
			productName = Accessibilty_app;
			productReference = D1665DC128A11BF500DB926C /* Accessibilty_app.app */;
			productType = "com.apple.product-type.application";
		};
/* End PBXNativeTarget section */

/* Begin PBXProject section */
		D1665DB928A11BF500DB926C /* Project object */ = {
			isa = PBXProject;
			attributes = {
				BuildIndependentTargetsInParallel = 1;
				LastSwiftUpdateCheck = 1340;
				LastUpgradeCheck = 1340;
				TargetAttributes = {
					D1665DC028A11BF500DB926C = {
						CreatedOnToolsVersion = 13.4.1;
					};
				};
			};
			buildConfigurationList = D1665DBC28A11BF500DB926C /* Build configuration list for PBXProject "Accessibilty_app" */;
			compatibilityVersion = "Xcode 13.0";
			developmentRegion = en;
			hasScannedForEncodings = 0;
			knownRegions = (
				en,
				Base,
			);
			mainGroup = D1665DB828A11BF500DB926C;
			productRefGroup = D1665DC228A11BF500DB926C /* Products */;
			projectDirPath = "";
			projectRoot = "";
			targets = (
				D1665DC028A11BF500DB926C /* Accessibilty_app */,
			);
		};
/* End PBXProject section */

/* Begin PBXResourcesBuildPhase section */
		D1665DBF28A11BF500DB926C /* Resources */ = {
			isa = PBXResourcesBuildPhase;
			buildActionMask = 2147483647;
			files = (
				D1665DCC28A11BF700DB926C /* Preview Assets.xcassets in Resources */,
				D1665DC928A11BF700DB926C /* Assets.xcassets in Resources */,
			);
			runOnlyForDeploymentPostprocessing = 0;
		};
/* End PBXResourcesBuildPhase section */

/* Begin PBXSourcesBuildPhase section */
		D1665DBD28A11BF500DB926C /* Sources */ = {
			isa = PBXSourcesBuildPhase;
			buildActionMask = 2147483647;
			files = (
				D1665DDC28A129E200DB926C /* CustomTextField.swift in Sources */,
				D1665DD928A11E7D00DB926C /* LoginView.swift in Sources */,
				D1665DE228A1304500DB926C /* LoginViewModel.swift in Sources */,
				D1665DE528A1503200DB926C /* DashboardView.swift in Sources */,
				D1665DC728A11BF500DB926C /* ContentView.swift in Sources */,
				D1665DDF28A12CFF00DB926C /* LoginValidation.swift in Sources */,
				D1665DC528A11BF500DB926C /* Accessibilty_appApp.swift in Sources */,
			);
			runOnlyForDeploymentPostprocessing = 0;
		};
/* End PBXSourcesBuildPhase section */

/* Begin XCBuildConfiguration section */
		D1665DCD28A11BF700DB926C /* Debug */ = {
			isa = XCBuildConfiguration;
			buildSettings = {
				ALWAYS_SEARCH_USER_PATHS = NO;
				CLANG_ANALYZER_NONNULL = YES;
				CLANG_ANALYZER_NUMBER_OBJECT_CONVERSION = YES_AGGRESSIVE;
				CLANG_CXX_LANGUAGE_STANDARD = "gnu++17";
				CLANG_ENABLE_MODULES = YES;
				CLANG_ENABLE_OBJC_ARC = YES;
				CLANG_ENABLE_OBJC_WEAK = YES;
				CLANG_WARN_BLOCK_CAPTURE_AUTORELEASING = YES;
				CLANG_WARN_BOOL_CONVERSION = YES;
				CLANG_WARN_COMMA = YES;
				CLANG_WARN_CONSTANT_CONVERSION = YES;
				CLANG_WARN_DEPRECATED_OBJC_IMPLEMENTATIONS = YES;
				CLANG_WARN_DIRECT_OBJC_ISA_USAGE = YES_ERROR;
				CLANG_WARN_DOCUMENTATION_COMMENTS = YES;
				CLANG_WARN_EMPTY_BODY = YES;
				CLANG_WARN_ENUM_CONVERSION = YES;
				CLANG_WARN_INFINITE_RECURSION = YES;
				CLANG_WARN_INT_CONVERSION = YES;
				CLANG_WARN_NON_LITERAL_NULL_CONVERSION = YES;
				CLANG_WARN_OBJC_IMPLICIT_RETAIN_SELF = YES;
				CLANG_WARN_OBJC_LITERAL_CONVERSION = YES;
				CLANG_WARN_OBJC_ROOT_CLASS = YES_ERROR;
				CLANG_WARN_QUOTED_INCLUDE_IN_FRAMEWORK_HEADER = YES;
				CLANG_WARN_RANGE_LOOP_ANALYSIS = YES;
				CLANG_WARN_STRICT_PROTOTYPES = YES;
				CLANG_WARN_SUSPICIOUS_MOVE = YES;
				CLANG_WARN_UNGUARDED_AVAILABILITY = YES_AGGRESSIVE;
				CLANG_WARN_UNREACHABLE_CODE = YES;
				CLANG_WARN__DUPLICATE_METHOD_MATCH = YES;
				COPY_PHASE_STRIP = NO;
				DEBUG_INFORMATION_FORMAT = dwarf;
				ENABLE_STRICT_OBJC_MSGSEND = YES;
				ENABLE_TESTABILITY = YES;
				GCC_C_LANGUAGE_STANDARD = gnu11;
				GCC_DYNAMIC_NO_PIC = NO;
				GCC_NO_COMMON_BLOCKS = YES;
				GCC_OPTIMIZATION_LEVEL = 0;
				GCC_PREPROCESSOR_DEFINITIONS = (
					"DEBUG=1",
					"$(inherited)",
				);
				GCC_WARN_64_TO_32_BIT_CONVERSION = YES;
				GCC_WARN_ABOUT_RETURN_TYPE = YES_ERROR;
				GCC_WARN_UNDECLARED_SELECTOR = YES;
				GCC_WARN_UNINITIALIZED_AUTOS = YES_AGGRESSIVE;
				GCC_WARN_UNUSED_FUNCTION = YES;
				GCC_WARN_UNUSED_VARIABLE = YES;
				IPHONEOS_DEPLOYMENT_TARGET = 14.0;
				MTL_ENABLE_DEBUG_INFO = INCLUDE_SOURCE;
				MTL_FAST_MATH = YES;
				ONLY_ACTIVE_ARCH = YES;
				SDKROOT = iphoneos;
				SWIFT_ACTIVE_COMPILATION_CONDITIONS = DEBUG;
				SWIFT_OPTIMIZATION_LEVEL = "-Onone";
			};
			name = Debug;
		};
		D1665DCE28A11BF700DB926C /* Release */ = {
			isa = XCBuildConfiguration;
			buildSettings = {
				ALWAYS_SEARCH_USER_PATHS = NO;
				CLANG_ANALYZER_NONNULL = YES;
				CLANG_ANALYZER_NUMBER_OBJECT_CONVERSION = YES_AGGRESSIVE;
				CLANG_CXX_LANGUAGE_STANDARD = "gnu++17";
				CLANG_ENABLE_MODULES = YES;
				CLANG_ENABLE_OBJC_ARC = YES;
				CLANG_ENABLE_OBJC_WEAK = YES;
				CLANG_WARN_BLOCK_CAPTURE_AUTORELEASING = YES;
				CLANG_WARN_BOOL_CONVERSION = YES;
				CLANG_WARN_COMMA = YES;
				CLANG_WARN_CONSTANT_CONVERSION = YES;
				CLANG_WARN_DEPRECATED_OBJC_IMPLEMENTATIONS = YES;
				CLANG_WARN_DIRECT_OBJC_ISA_USAGE = YES_ERROR;
				CLANG_WARN_DOCUMENTATION_COMMENTS = YES;
				CLANG_WARN_EMPTY_BODY = YES;
				CLANG_WARN_ENUM_CONVERSION = YES;
				CLANG_WARN_INFINITE_RECURSION = YES;
				CLANG_WARN_INT_CONVERSION = YES;
				CLANG_WARN_NON_LITERAL_NULL_CONVERSION = YES;
				CLANG_WARN_OBJC_IMPLICIT_RETAIN_SELF = YES;
				CLANG_WARN_OBJC_LITERAL_CONVERSION = YES;
				CLANG_WARN_OBJC_ROOT_CLASS = YES_ERROR;
				CLANG_WARN_QUOTED_INCLUDE_IN_FRAMEWORK_HEADER = YES;
				CLANG_WARN_RANGE_LOOP_ANALYSIS = YES;
				CLANG_WARN_STRICT_PROTOTYPES = YES;
				CLANG_WARN_SUSPICIOUS_MOVE = YES;
				CLANG_WARN_UNGUARDED_AVAILABILITY = YES_AGGRESSIVE;
				CLANG_WARN_UNREACHABLE_CODE = YES;
				CLANG_WARN__DUPLICATE_METHOD_MATCH = YES;
				COPY_PHASE_STRIP = NO;
				DEBUG_INFORMATION_FORMAT = "dwarf-with-dsym";
				ENABLE_NS_ASSERTIONS = NO;
				ENABLE_STRICT_OBJC_MSGSEND = YES;
				GCC_C_LANGUAGE_STANDARD = gnu11;
				GCC_NO_COMMON_BLOCKS = YES;
				GCC_WARN_64_TO_32_BIT_CONVERSION = YES;
				GCC_WARN_ABOUT_RETURN_TYPE = YES_ERROR;
				GCC_WARN_UNDECLARED_SELECTOR = YES;
				GCC_WARN_UNINITIALIZED_AUTOS = YES_AGGRESSIVE;
				GCC_WARN_UNUSED_FUNCTION = YES;
				GCC_WARN_UNUSED_VARIABLE = YES;
				IPHONEOS_DEPLOYMENT_TARGET = 14.0;
				MTL_ENABLE_DEBUG_INFO = NO;
				MTL_FAST_MATH = YES;
				SDKROOT = iphoneos;
				SWIFT_COMPILATION_MODE = wholemodule;
				SWIFT_OPTIMIZATION_LEVEL = "-O";
				VALIDATE_PRODUCT = YES;
			};
			name = Release;
		};
		D1665DD028A11BF700DB926C /* Debug */ = {
			isa = XCBuildConfiguration;
			buildSettings = {
				ASSETCATALOG_COMPILER_APPICON_NAME = AppIcon;
				ASSETCATALOG_COMPILER_GLOBAL_ACCENT_COLOR_NAME = AccentColor;
				CODE_SIGN_STYLE = Automatic;
				CURRENT_PROJECT_VERSION = 1;
				DEVELOPMENT_ASSET_PATHS = "\"Accessibilty_app/Preview Content\"";
				DEVELOPMENT_TEAM = 93KW66L46X;
				ENABLE_PREVIEWS = YES;
				GENERATE_INFOPLIST_FILE = YES;
				INFOPLIST_KEY_UIApplicationSceneManifest_Generation = YES;
				INFOPLIST_KEY_UIApplicationSupportsIndirectInputEvents = YES;
				INFOPLIST_KEY_UILaunchScreen_Generation = YES;
				INFOPLIST_KEY_UISupportedInterfaceOrientations_iPad = "UIInterfaceOrientationPortrait UIInterfaceOrientationPortraitUpsideDown UIInterfaceOrientationLandscapeLeft UIInterfaceOrientationLandscapeRight";
				INFOPLIST_KEY_UISupportedInterfaceOrientations_iPhone = "UIInterfaceOrientationPortrait UIInterfaceOrientationLandscapeLeft UIInterfaceOrientationLandscapeRight";
				LD_RUNPATH_SEARCH_PATHS = (
					"$(inherited)",
					"@executable_path/Frameworks",
				);
				MARKETING_VERSION = 1.0;
				PRODUCT_BUNDLE_IDENTIFIER = "accessibiltyapp.Accessibilty-app";
				PRODUCT_NAME = "$(TARGET_NAME)";
				SWIFT_EMIT_LOC_STRINGS = YES;
				SWIFT_VERSION = 5.0;
				TARGETED_DEVICE_FAMILY = "1,2";
			};
			name = Debug;
		};
		D1665DD128A11BF700DB926C /* Release */ = {
			isa = XCBuildConfiguration;
			buildSettings = {
				ASSETCATALOG_COMPILER_APPICON_NAME = AppIcon;
				ASSETCATALOG_COMPILER_GLOBAL_ACCENT_COLOR_NAME = AccentColor;
				CODE_SIGN_STYLE = Automatic;
				CURRENT_PROJECT_VERSION = 1;
				DEVELOPMENT_ASSET_PATHS = "\"Accessibilty_app/Preview Content\"";
				DEVELOPMENT_TEAM = 93KW66L46X;
				ENABLE_PREVIEWS = YES;
				GENERATE_INFOPLIST_FILE = YES;
				INFOPLIST_KEY_UIApplicationSceneManifest_Generation = YES;
				INFOPLIST_KEY_UIApplicationSupportsIndirectInputEvents = YES;
				INFOPLIST_KEY_UILaunchScreen_Generation = YES;
				INFOPLIST_KEY_UISupportedInterfaceOrientations_iPad = "UIInterfaceOrientationPortrait UIInterfaceOrientationPortraitUpsideDown UIInterfaceOrientationLandscapeLeft UIInterfaceOrientationLandscapeRight";
				INFOPLIST_KEY_UISupportedInterfaceOrientations_iPhone = "UIInterfaceOrientationPortrait UIInterfaceOrientationLandscapeLeft UIInterfaceOrientationLandscapeRight";
				LD_RUNPATH_SEARCH_PATHS = (
					"$(inherited)",
					"@executable_path/Frameworks",
				);
				MARKETING_VERSION = 1.0;
				PRODUCT_BUNDLE_IDENTIFIER = "accessibiltyapp.Accessibilty-app";
				PRODUCT_NAME = "$(TARGET_NAME)";
				SWIFT_EMIT_LOC_STRINGS = YES;
				SWIFT_VERSION = 5.0;
				TARGETED_DEVICE_FAMILY = "1,2";
			};
			name = Release;
		};
/* End XCBuildConfiguration section */

/* Begin XCConfigurationList section */
		D1665DBC28A11BF500DB926C /* Build configuration list for PBXProject "Accessibilty_app" */ = {
			isa = XCConfigurationList;
			buildConfigurations = (
				D1665DCD28A11BF700DB926C /* Debug */,
				D1665DCE28A11BF700DB926C /* Release */,
			);
			defaultConfigurationIsVisible = 0;
			defaultConfigurationName = Release;
		};
		D1665DCF28A11BF700DB926C /* Build configuration list for PBXNativeTarget "Accessibilty_app" */ = {
			isa = XCConfigurationList;
			buildConfigurations = (
				D1665DD028A11BF700DB926C /* Debug */,
				D1665DD128A11BF700DB926C /* Release */,
			);
			defaultConfigurationIsVisible = 0;
			defaultConfigurationName = Release;
		};
/* End XCConfigurationList section */
	};
	rootObject = D1665DB928A11BF500DB926C /* Project object */;
}
